<?xml version="1.0" encoding="utf-8"?>
<Project ToolsVersion="4.0" xmlns="http://schemas.microsoft.com/developer/msbuild/2003">
  <ItemGroup>
    <Filter Include="Common">
      <UniqueIdentifier>{93995380-89BD-4b04-88EB-625FBE52EBFB}</UniqueIdentifier>
      <Extensions>h;hh;hpp;hxx;hm;inl;inc;ipp;xsd</Extensions>
    </Filter>
    <Filter Include="Filter">
      <UniqueIdentifier>{4FC737F1-C7A5-4376-A066-2A32D752A2FF}</UniqueIdentifier>
      <Extensions>cpp;c;cc;cxx;def;odl;idl;hpj;bat;asm;asmx</Extensions>
    </Filter>
    <Filter Include="GameObject">
      <UniqueIdentifier>{67DA6AB6-F800-4c08-8B7A-83BB121AAD01}</UniqueIdentifier>
      <Extensions>rc;ico;cur;bmp;dlg;rc2;rct;bin;rgs;gif;jpg;jpeg;jpe;resx;tiff;tif;png;wav;mfcribbon-ms</Extensions>
    </Filter>
    <Filter Include="Main">
      <UniqueIdentifier>{e5914561-d752-44ba-8b1f-fe61b6dee4ec}</UniqueIdentifier>
    </Filter>
    <Filter Include="Manager">
      <UniqueIdentifier>{34c926d3-b09b-44cb-bba8-e237e92afe0b}</UniqueIdentifier>
    </Filter>
    <Filter Include="Render">
      <UniqueIdentifier>{040b0a32-4d40-4a2e-b79c-c883fa9b0891}</UniqueIdentifier>
    </Filter>
    <Filter Include="Shader">
      <UniqueIdentifier>{d4c9585e-aaf1-4cbb-8a18-ccbd893edce7}</UniqueIdentifier>
    </Filter>
    <Filter Include="Scenes">
      <UniqueIdentifier>{022308a2-771b-451e-9094-a09a5a1a67ba}</UniqueIdentifier>
    </Filter>
    <Filter Include="GameObject\Linkup">
      <UniqueIdentifier>{76bbb6f3-fafd-400d-9d9e-f03e7c0952c7}</UniqueIdentifier>
    </Filter>
    <Filter Include="Component">
      <UniqueIdentifier>{7b71a3a7-9b30-4cb7-a38b-98ed0edbd974}</UniqueIdentifier>
    </Filter>
    <Filter Include="GameObject\MainScene">
      <UniqueIdentifier>{d6a3a1e6-cf11-4df3-8fce-4c0bbff294d9}</UniqueIdentifier>
    </Filter>
  </ItemGroup>
  <ItemGroup>
    <ClCompile Include="Common\Camera.cpp">
      <Filter>Common</Filter>
    </ClCompile>
    <ClCompile Include="Common\D3DApp.cpp">
      <Filter>Common</Filter>
    </ClCompile>
    <ClCompile Include="Common\d3dUtil.cpp">
      <Filter>Common</Filter>
    </ClCompile>
    <ClCompile Include="Common\DDSTextureLoader.cpp">
      <Filter>Common</Filter>
    </ClCompile>
    <ClCompile Include="Common\FrameResource.cpp">
      <Filter>Common</Filter>
    </ClCompile>
    <ClCompile Include="Common\GameTimer.cpp">
      <Filter>Common</Filter>
    </ClCompile>
    <ClCompile Include="Common\GeometryGenerator.cpp">
      <Filter>Common</Filter>
    </ClCompile>
    <ClCompile Include="Common\MathHelper.cpp">
      <Filter>Common</Filter>
    </ClCompile>
    <ClCompile Include="Render\CubeMap.cpp">
      <Filter>Render</Filter>
    </ClCompile>
    <ClCompile Include="Render\DepthComplexityUseBlend.cpp">
      <Filter>Render</Filter>
    </ClCompile>
    <ClCompile Include="Render\DepthComplexityUseStencil.cpp">
      <Filter>Render</Filter>
    </ClCompile>
    <ClCompile Include="Render\DrawQuad.cpp">
      <Filter>Render</Filter>
    </ClCompile>
    <ClCompile Include="Render\MainRender.cpp">
      <Filter>Render</Filter>
    </ClCompile>
    <ClCompile Include="Render\RenderTarget.cpp">
      <Filter>Render</Filter>
    </ClCompile>
    <ClCompile Include="Render\ShaderResource.cpp">
      <Filter>Render</Filter>
    </ClCompile>
    <ClCompile Include="Render\ShadowMap.cpp">
      <Filter>Render</Filter>
    </ClCompile>
    <ClCompile Include="Render\Ssao.cpp">
      <Filter>Render</Filter>
    </ClCompile>
    <ClCompile Include="Render\Wireframe.cpp">
      <Filter>Render</Filter>
    </ClCompile>
    <ClCompile Include="Manager\GameObjectManager.cpp">
      <Filter>Manager</Filter>
    </ClCompile>
    <ClCompile Include="Manager\InputManager.cpp">
      <Filter>Manager</Filter>
    </ClCompile>
    <ClCompile Include="Manager\MaterialManager.cpp">
      <Filter>Manager</Filter>
    </ClCompile>
    <ClCompile Include="Manager\MeshManager.cpp">
      <Filter>Manager</Filter>
    </ClCompile>
    <ClCompile Include="Manager\TextureManager.cpp">
      <Filter>Manager</Filter>
    </ClCompile>
    <ClCompile Include="Main\D3D12App.cpp">
      <Filter>Main</Filter>
    </ClCompile>
    <ClCompile Include="Main\TheMain.cpp">
      <Filter>Main</Filter>
    </ClCompile>
    <ClCompile Include="Filter\BlurFilter.cpp">
      <Filter>Filter</Filter>
    </ClCompile>
    <ClCompile Include="Filter\InverseFilter.cpp">
      <Filter>Filter</Filter>
    </ClCompile>
    <ClCompile Include="Filter\MultiplyFilter.cpp">
      <Filter>Filter</Filter>
    </ClCompile>
    <ClCompile Include="Filter\SobelFilter.cpp">
      <Filter>Filter</Filter>
    </ClCompile>
    <ClCompile Include="Manager\GameObject.cpp">
      <Filter>Manager</Filter>
    </ClCompile>
    <ClCompile Include="Manager\Scene.cpp">
      <Filter>Manager</Filter>
    </ClCompile>
    <ClCompile Include="Manager\SceneManager.cpp">
      <Filter>Manager</Filter>
    </ClCompile>
    <ClCompile Include="Scenes\MainScene.cpp">
      <Filter>Scenes</Filter>
    </ClCompile>
    <ClCompile Include="Scenes\Linkup.cpp">
      <Filter>Scenes</Filter>
    </ClCompile>
    <ClCompile Include="GameObject\Linkup\Cube.cpp">
      <Filter>GameObject\Linkup</Filter>
    </ClCompile>
    <ClCompile Include="GameObject\Linkup\Floor.cpp">
      <Filter>GameObject\Linkup</Filter>
    </ClCompile>
    <ClCompile Include="GameObject\Linkup\Logic.cpp">
      <Filter>GameObject\Linkup</Filter>
    </ClCompile>
    <ClCompile Include="GameObject\Linkup\Segment.cpp">
      <Filter>GameObject\Linkup</Filter>
    </ClCompile>
    <ClCompile Include="GameObject\Linkup\Inflection.cpp">
      <Filter>GameObject\Linkup</Filter>
    </ClCompile>
    <ClCompile Include="GameObject\Linkup\Fragment.cpp">
      <Filter>GameObject\Linkup</Filter>
    </ClCompile>
    <ClCompile Include="Common\Log.cpp">
      <Filter>Common</Filter>
    </ClCompile>
    <ClCompile Include="Manager\Material.cpp">
      <Filter>Manager</Filter>
    </ClCompile>
    <ClCompile Include="Component\MeshRenderCPT.cpp">
      <Filter>Component</Filter>
    </ClCompile>
    <ClCompile Include="Component\RigidDynamicCPT.cpp">
      <Filter>Component</Filter>
    </ClCompile>
    <ClCompile Include="Component\RigidStaticCPT.cpp">
      <Filter>Component</Filter>
    </ClCompile>
    <ClCompile Include="GameObject\MainScene\Box.cpp">
      <Filter>GameObject\MainScene</Filter>
    </ClCompile>
    <ClCompile Include="GameObject\MainScene\BoxPx.cpp">
      <Filter>GameObject\MainScene</Filter>
    </ClCompile>
    <ClCompile Include="GameObject\MainScene\Cylinder.cpp">
      <Filter>GameObject\MainScene</Filter>
    </ClCompile>
    <ClCompile Include="GameObject\MainScene\Globe.cpp">
      <Filter>GameObject\MainScene</Filter>
    </ClCompile>
    <ClCompile Include="GameObject\MainScene\Grid.cpp">
      <Filter>GameObject\MainScene</Filter>
    </ClCompile>
    <ClCompile Include="GameObject\MainScene\Skull.cpp">
      <Filter>GameObject\MainScene</Filter>
    </ClCompile>
    <ClCompile Include="GameObject\MainScene\Sphere.cpp">
      <Filter>GameObject\MainScene</Filter>
    </ClCompile>
    <ClCompile Include="Manager\MeshRenderInstanceManager.cpp">
      <Filter>Manager</Filter>
    </ClCompile>
    <ClCompile Include="Manager\MeshRenderInstance.cpp">
      <Filter>Manager</Filter>
    </ClCompile>
    <ClCompile Include="GameObject\Sky.cpp">
      <Filter>GameObject</Filter>
    </ClCompile>
    <ClCompile Include="GameObject\Linkup\RenderAndFilter.cpp">
      <Filter>GameObject\Linkup</Filter>
    </ClCompile>
    <ClCompile Include="Component\CameraCPT.cpp">
      <Filter>Component</Filter>
    </ClCompile>
    <ClCompile Include="Common\CameraOld.cpp">
      <Filter>Common</Filter>
    </ClCompile>
    <ClCompile Include="GameObject\MainScene\Player.cpp">
      <Filter>GameObject\MainScene</Filter>
    </ClCompile>
  </ItemGroup>
  <ItemGroup>
    <ClInclude Include="Common\Camera.h">
      <Filter>Common</Filter>
    </ClInclude>
    <ClInclude Include="Common\D3DApp.h">
      <Filter>Common</Filter>
    </ClInclude>
    <ClInclude Include="Common\d3dUtil.h">
      <Filter>Common</Filter>
    </ClInclude>
    <ClInclude Include="Common\d3dx12.h">
      <Filter>Common</Filter>
    </ClInclude>
    <ClInclude Include="Common\DDSTextureLoader.h">
      <Filter>Common</Filter>
    </ClInclude>
    <ClInclude Include="Common\FrameResource.h">
      <Filter>Common</Filter>
    </ClInclude>
    <ClInclude Include="Common\GameTimer.h">
      <Filter>Common</Filter>
    </ClInclude>
    <ClInclude Include="Common\GeometryGenerator.h">
      <Filter>Common</Filter>
    </ClInclude>
    <ClInclude Include="Common\MathHelper.h">
      <Filter>Common</Filter>
    </ClInclude>
    <ClInclude Include="Common\UploadBuffer.h">
      <Filter>Common</Filter>
    </ClInclude>
    <ClInclude Include="Render\CubeMap.h">
      <Filter>Render</Filter>
    </ClInclude>
    <ClInclude Include="Render\DepthComplexityUseBlend.h">
      <Filter>Render</Filter>
    </ClInclude>
    <ClInclude Include="Render\DepthComplexityUseStencil.h">
      <Filter>Render</Filter>
    </ClInclude>
    <ClInclude Include="Render\DrawQuad.h">
      <Filter>Render</Filter>
    </ClInclude>
    <ClInclude Include="Render\MainRender.h">
      <Filter>Render</Filter>
    </ClInclude>
    <ClInclude Include="Render\RenderTarget.h">
      <Filter>Render</Filter>
    </ClInclude>
    <ClInclude Include="Render\ShaderResource.h">
      <Filter>Render</Filter>
    </ClInclude>
    <ClInclude Include="Render\ShadowMap.h">
      <Filter>Render</Filter>
    </ClInclude>
    <ClInclude Include="Render\Ssao.h">
      <Filter>Render</Filter>
    </ClInclude>
    <ClInclude Include="Render\Wireframe.h">
      <Filter>Render</Filter>
    </ClInclude>
    <ClInclude Include="Manager\GameObjectManager.h">
      <Filter>Manager</Filter>
    </ClInclude>
    <ClInclude Include="Manager\InputManager.h">
      <Filter>Manager</Filter>
    </ClInclude>
    <ClInclude Include="Manager\MaterialManager.h">
      <Filter>Manager</Filter>
    </ClInclude>
    <ClInclude Include="Manager\MeshManager.h">
      <Filter>Manager</Filter>
    </ClInclude>
    <ClInclude Include="Manager\TextureManager.h">
      <Filter>Manager</Filter>
    </ClInclude>
    <ClInclude Include="Main\D3D12App.h">
      <Filter>Main</Filter>
    </ClInclude>
    <ClInclude Include="Filter\BlurFilter.h">
      <Filter>Filter</Filter>
    </ClInclude>
    <ClInclude Include="Filter\InverseFilter.h">
      <Filter>Filter</Filter>
    </ClInclude>
    <ClInclude Include="Filter\MultiplyFilter.h">
      <Filter>Filter</Filter>
    </ClInclude>
    <ClInclude Include="Filter\SobelFilter.h">
      <Filter>Filter</Filter>
    </ClInclude>
    <ClInclude Include="Manager\GameObject.h">
      <Filter>Manager</Filter>
    </ClInclude>
    <ClInclude Include="Manager\Scene.h">
      <Filter>Manager</Filter>
    </ClInclude>
    <ClInclude Include="Manager\SceneManager.h">
      <Filter>Manager</Filter>
    </ClInclude>
    <ClInclude Include="Scenes\MainScene.h">
      <Filter>Scenes</Filter>
    </ClInclude>
    <ClInclude Include="Scenes\Linkup.h">
      <Filter>Scenes</Filter>
    </ClInclude>
    <ClInclude Include="GameObject\Linkup\Cube.h">
      <Filter>GameObject\Linkup</Filter>
    </ClInclude>
    <ClInclude Include="GameObject\Linkup\Floor.h">
      <Filter>GameObject\Linkup</Filter>
    </ClInclude>
    <ClInclude Include="GameObject\Linkup\Logic.h">
      <Filter>GameObject\Linkup</Filter>
    </ClInclude>
    <ClInclude Include="GameObject\Linkup\LinkupGameObjects.h">
      <Filter>GameObject\Linkup</Filter>
    </ClInclude>
    <ClInclude Include="GameObject\Linkup\Segment.h">
      <Filter>GameObject\Linkup</Filter>
    </ClInclude>
    <ClInclude Include="GameObject\Linkup\Inflection.h">
      <Filter>GameObject\Linkup</Filter>
    </ClInclude>
    <ClInclude Include="GameObject\Linkup\Fragment.h">
      <Filter>GameObject\Linkup</Filter>
    </ClInclude>
    <ClInclude Include="Common\MyException.h">
      <Filter>Common</Filter>
    </ClInclude>
    <ClInclude Include="Common\StringConvert.h">
      <Filter>Common</Filter>
    </ClInclude>
    <ClInclude Include="Common\Log.h">
      <Filter>Common</Filter>
    </ClInclude>
    <ClInclude Include="Manager\Material.h">
      <Filter>Manager</Filter>
    </ClInclude>
    <ClInclude Include="Component\MeshRenderCPT.h">
      <Filter>Component</Filter>
    </ClInclude>
    <ClInclude Include="Component\RigidDynamicCPT.h">
      <Filter>Component</Filter>
    </ClInclude>
    <ClInclude Include="Component\RigidStaticCPT.h">
      <Filter>Component</Filter>
    </ClInclude>
    <ClInclude Include="GameObject\MainScene\Box.h">
      <Filter>GameObject\MainScene</Filter>
    </ClInclude>
    <ClInclude Include="GameObject\MainScene\BoxPx.h">
      <Filter>GameObject\MainScene</Filter>
    </ClInclude>
    <ClInclude Include="GameObject\MainScene\Cylinder.h">
      <Filter>GameObject\MainScene</Filter>
    </ClInclude>
    <ClInclude Include="GameObject\MainScene\Globe.h">
      <Filter>GameObject\MainScene</Filter>
    </ClInclude>
    <ClInclude Include="GameObject\MainScene\Grid.h">
      <Filter>GameObject\MainScene</Filter>
    </ClInclude>
    <ClInclude Include="GameObject\MainScene\Skull.h">
      <Filter>GameObject\MainScene</Filter>
    </ClInclude>
    <ClInclude Include="GameObject\MainScene\Sphere.h">
      <Filter>GameObject\MainScene</Filter>
    </ClInclude>
    <ClInclude Include="GameObject\MainScene\MainSceneGameObjects.h">
      <Filter>GameObject\MainScene</Filter>
    </ClInclude>
    <ClInclude Include="Manager\MeshRenderInstanceManager.h">
      <Filter>Manager</Filter>
    </ClInclude>
    <ClInclude Include="Manager\MeshRenderInstance.h">
      <Filter>Manager</Filter>
    </ClInclude>
    <ClInclude Include="GameObject\Sky.h">
      <Filter>GameObject</Filter>
    </ClInclude>
    <ClInclude Include="GameObject\Linkup\RenderAndFilter.h">
      <Filter>GameObject\Linkup</Filter>
    </ClInclude>
    <ClInclude Include="Component\CameraCPT.h">
      <Filter>Component</Filter>
    </ClInclude>
    <ClInclude Include="Common\CameraOld.h">
      <Filter>Common</Filter>
    </ClInclude>
    <ClInclude Include="GameObject\MainScene\Player.h">
      <Filter>GameObject\MainScene</Filter>
    </ClInclude>
  </ItemGroup>
  <ItemGroup>
    <FxCompile Include="Shaders\Blur.hlsl">
      <Filter>Shader</Filter>
    </FxCompile>
    <FxCompile Include="Shaders\Common.hlsl">
      <Filter>Shader</Filter>
    </FxCompile>
    <FxCompile Include="Shaders\Default.hlsl">
      <Filter>Shader</Filter>
    </FxCompile>
    <FxCompile Include="Shaders\DrawNormals.hlsl">
      <Filter>Shader</Filter>
    </FxCompile>
    <FxCompile Include="Shaders\Grey.hlsl">
      <Filter>Shader</Filter>
    </FxCompile>
    <FxCompile Include="Shaders\Inverse.hlsl">
      <Filter>Shader</Filter>
    </FxCompile>
    <FxCompile Include="Shaders\LightingUtil.hlsl">
      <Filter>Shader</Filter>
    </FxCompile>
    <FxCompile Include="Shaders\Multiply.hlsl">
      <Filter>Shader</Filter>
    </FxCompile>
    <FxCompile Include="Shaders\Shadows.hlsl">
      <Filter>Shader</Filter>
    </FxCompile>
    <FxCompile Include="Shaders\Sky.hlsl">
      <Filter>Shader</Filter>
    </FxCompile>
    <FxCompile Include="Shaders\Sobel.hlsl">
      <Filter>Shader</Filter>
    </FxCompile>
    <FxCompile Include="Shaders\Ssao.hlsl">
      <Filter>Shader</Filter>
    </FxCompile>
    <FxCompile Include="Shaders\SsaoBlur.hlsl">
      <Filter>Shader</Filter>
    </FxCompile>
    <FxCompile Include="Shaders\UI.hlsl">
      <Filter>Shader</Filter>
    </FxCompile>
    <FxCompile Include="Shaders\Wireframe.hlsl">
      <Filter>Shader</Filter>
    </FxCompile>
  </ItemGroup>
</Project>